
Microsoft Visual Studio Solution File, Format Version 12.00
# Visual Studio Version 16
VisualStudioVersion = 16.0.29806.167
MinimumVisualStudioVersion = 10.0.40219.1
Project("{FAE04EC0-301F-11D3-BF4B-00C04F79EFBC}") = "Duong_2", "Duong_2.csproj", "{F881F318-2DA7-449C-A06F-D7BEBEBC8BBB}"
EndProject
Global
	GlobalSection(SolutionConfigurationPlatforms) = preSolution
		Debug|Any CPU = Debug|Any CPU
		Release|Any CPU = Release|Any CPU
	EndGlobalSection
	GlobalSection(ProjectConfigurationPlatforms) = postSolution
		{F881F318-2DA7-449C-A06F-D7BEBEBC8BBB}.Debug|Any CPU.ActiveCfg = Debug|Any CPU
		{F881F318-2DA7-449C-A06F-D7BEBEBC8BBB}.Debug|Any CPU.Build.0 = Debug|Any CPU
		{F881F318-2DA7-449C-A06F-D7BEBEBC8BBB}.Release|Any CPU.ActiveCfg = Release|Any CPU
		{F881F318-2DA7-449C-A06F-D7BEBEBC8BBB}.Release|Any CPU.Build.0 = Release|Any CPU
	EndGlobalSection
	GlobalSection(SolutionProperties) = preSolution
		HideSolutionNode = FALSE
	EndGlobalSection
	GlobalSection(ExtensibilityGlobals) = postSolution
		SolutionGuid = {5C3B7DFA-C2AF-4162-8731-6BEF7DA0DFEC}
	EndGlobalSection
EndGlobal
